// !$*UTF8*$!
{
	archiveVersion = 1;
	classes = {
	};
	objectVersion = 51;
	objects = {

/* Begin PBXBuildFile section */
		5DBEADC3591AABAF13F32E09 /* Pods_blog_blogUITests.framework in Frameworks */ = {isa = PBXBuildFile; fileRef = 806B81670D0BF2908685A24E /* Pods_blog_blogUITests.framework */; };
		7F69ECC3D47D4934BA8EFF8F /* Pods_blogTests.framework in Frameworks */ = {isa = PBXBuildFile; fileRef = 1EFB8F886C495751F3C9D146 /* Pods_blogTests.framework */; };
		A121F27EF4F366D41D1F117D /* Pods_blog.framework in Frameworks */ = {isa = PBXBuildFile; fileRef = 5438013AFC6EF5C1BF8C8E1F /* Pods_blog.framework */; };
		E357499A243B7B9B00708AB9 /* AppDelegate.swift in Sources */ = {isa = PBXBuildFile; fileRef = E3574999243B7B9B00708AB9 /* AppDelegate.swift */; };
		E357499C243B7B9B00708AB9 /* SceneDelegate.swift in Sources */ = {isa = PBXBuildFile; fileRef = E357499B243B7B9B00708AB9 /* SceneDelegate.swift */; };
		E357499E243B7B9B00708AB9 /* HomeViewController.swift in Sources */ = {isa = PBXBuildFile; fileRef = E357499D243B7B9B00708AB9 /* HomeViewController.swift */; };
		E35749A1243B7B9B00708AB9 /* Main.storyboard in Resources */ = {isa = PBXBuildFile; fileRef = E357499F243B7B9B00708AB9 /* Main.storyboard */; };
		E35749A4243B7B9B00708AB9 /* blog.xcdatamodeld in Sources */ = {isa = PBXBuildFile; fileRef = E35749A2243B7B9B00708AB9 /* blog.xcdatamodeld */; };
		E35749A6243B7BA600708AB9 /* Assets.xcassets in Resources */ = {isa = PBXBuildFile; fileRef = E35749A5243B7BA600708AB9 /* Assets.xcassets */; };
		E35749A9243B7BA600708AB9 /* LaunchScreen.storyboard in Resources */ = {isa = PBXBuildFile; fileRef = E35749A7243B7BA600708AB9 /* LaunchScreen.storyboard */; };
		E35749B4243B7BA700708AB9 /* blogTests.swift in Sources */ = {isa = PBXBuildFile; fileRef = E35749B3243B7BA700708AB9 /* blogTests.swift */; };
		E35749BF243B7BA700708AB9 /* blogUITests.swift in Sources */ = {isa = PBXBuildFile; fileRef = E35749BE243B7BA700708AB9 /* blogUITests.swift */; };
		E35749CD243B7E3900708AB9 /* BlogViewController.swift in Sources */ = {isa = PBXBuildFile; fileRef = E35749CC243B7E3900708AB9 /* BlogViewController.swift */; };
		E35749CF243BB7E500708AB9 /* BlogCardTableViewCell.swift in Sources */ = {isa = PBXBuildFile; fileRef = E35749CE243BB7E500708AB9 /* BlogCardTableViewCell.swift */; };
		E35749D1243BB84900708AB9 /* Post.swift in Sources */ = {isa = PBXBuildFile; fileRef = E35749D0243BB84900708AB9 /* Post.swift */; };
		E35749D3243BB85F00708AB9 /* PostDataServer.swift in Sources */ = {isa = PBXBuildFile; fileRef = E35749D2243BB85F00708AB9 /* PostDataServer.swift */; };
		E35749D6243BBEA600708AB9 /* Utilities.swift in Sources */ = {isa = PBXBuildFile; fileRef = E35749D5243BBEA600708AB9 /* Utilities.swift */; };
		E35749D8243BC30F00708AB9 /* CardShadow.swift in Sources */ = {isa = PBXBuildFile; fileRef = E35749D7243BC30F00708AB9 /* CardShadow.swift */; };
		E35749DA243C0AB000708AB9 /* SlideInTransition.swift in Sources */ = {isa = PBXBuildFile; fileRef = E35749D9243C0AB000708AB9 /* SlideInTransition.swift */; };
		E35749DD243C982200708AB9 /* DataServer.swift in Sources */ = {isa = PBXBuildFile; fileRef = E35749DC243C982200708AB9 /* DataServer.swift */; };
		E35749DF243C987E00708AB9 /* Category.swift in Sources */ = {isa = PBXBuildFile; fileRef = E35749DE243C987E00708AB9 /* Category.swift */; };
		E35749E4243C99F800708AB9 /* MenuViewController.swift in Sources */ = {isa = PBXBuildFile; fileRef = E35749E3243C99F800708AB9 /* MenuViewController.swift */; };
		E38C141B243D47A70054134E /* CategoryViewController.swift in Sources */ = {isa = PBXBuildFile; fileRef = E38C141A243D47A70054134E /* CategoryViewController.swift */; };
		E38C141E243D49220054134E /* CategoryTableViewCell.swift in Sources */ = {isa = PBXBuildFile; fileRef = E38C141D243D49220054134E /* CategoryTableViewCell.swift */; };
		E38C1465243FB4750054134E /* LogInViewController.swift in Sources */ = {isa = PBXBuildFile; fileRef = E38C1464243FB4750054134E /* LogInViewController.swift */; };
		E38C1468243FC4310054134E /* SignUpViewController.swift in Sources */ = {isa = PBXBuildFile; fileRef = E38C1467243FC4310054134E /* SignUpViewController.swift */; };
		E38C146B243FE7330054134E /* BloggersViewController.swift in Sources */ = {isa = PBXBuildFile; fileRef = E38C146A243FE7330054134E /* BloggersViewController.swift */; };
		E38C146E243FE78E0054134E /* BloggersTableViewCell.swift in Sources */ = {isa = PBXBuildFile; fileRef = E38C146D243FE78E0054134E /* BloggersTableViewCell.swift */; };
		E3A830B1244A4CCD00714A5E /* BloggersDataServer.swift in Sources */ = {isa = PBXBuildFile; fileRef = E3A830B0244A4CCD00714A5E /* BloggersDataServer.swift */; };
		E3A830B3244A4CEF00714A5E /* Blogger.swift in Sources */ = {isa = PBXBuildFile; fileRef = E3A830B2244A4CEF00714A5E /* Blogger.swift */; };
/* End PBXBuildFile section */

/* Begin PBXContainerItemProxy section */
		E35749B0243B7BA700708AB9 /* PBXContainerItemProxy */ = {
			isa = PBXContainerItemProxy;
			containerPortal = E357498E243B7B9B00708AB9 /* Project object */;
			proxyType = 1;
			remoteGlobalIDString = E3574995243B7B9B00708AB9;
			remoteInfo = blog;
		};
		E35749BB243B7BA700708AB9 /* PBXContainerItemProxy */ = {
			isa = PBXContainerItemProxy;
			containerPortal = E357498E243B7B9B00708AB9 /* Project object */;
			proxyType = 1;
			remoteGlobalIDString = E3574995243B7B9B00708AB9;
			remoteInfo = blog;
		};
/* End PBXContainerItemProxy section */

/* Begin PBXFileReference section */
		0282D02045D58FD1F1D20293 /* Pods-blog-blogUITests.release.xcconfig */ = {isa = PBXFileReference; includeInIndex = 1; lastKnownFileType = text.xcconfig; name = "Pods-blog-blogUITests.release.xcconfig"; path = "Target Support Files/Pods-blog-blogUITests/Pods-blog-blogUITests.release.xcconfig"; sourceTree = "<group>"; };
		1EFB8F886C495751F3C9D146 /* Pods_blogTests.framework */ = {isa = PBXFileReference; explicitFileType = wrapper.framework; includeInIndex = 0; path = Pods_blogTests.framework; sourceTree = BUILT_PRODUCTS_DIR; };
		3B521E1F2638D63723A9B39B /* Pods-blog-blogUITests.debug.xcconfig */ = {isa = PBXFileReference; includeInIndex = 1; lastKnownFileType = text.xcconfig; name = "Pods-blog-blogUITests.debug.xcconfig"; path = "Target Support Files/Pods-blog-blogUITests/Pods-blog-blogUITests.debug.xcconfig"; sourceTree = "<group>"; };
		5438013AFC6EF5C1BF8C8E1F /* Pods_blog.framework */ = {isa = PBXFileReference; explicitFileType = wrapper.framework; includeInIndex = 0; path = Pods_blog.framework; sourceTree = BUILT_PRODUCTS_DIR; };
		806B81670D0BF2908685A24E /* Pods_blog_blogUITests.framework */ = {isa = PBXFileReference; explicitFileType = wrapper.framework; includeInIndex = 0; path = Pods_blog_blogUITests.framework; sourceTree = BUILT_PRODUCTS_DIR; };
		AF5F5572FEBBF9EADAF31765 /* Pods-blogTests.debug.xcconfig */ = {isa = PBXFileReference; includeInIndex = 1; lastKnownFileType = text.xcconfig; name = "Pods-blogTests.debug.xcconfig"; path = "Target Support Files/Pods-blogTests/Pods-blogTests.debug.xcconfig"; sourceTree = "<group>"; };
		B0B7C5C9894EC2769238B06C /* Pods-blog.release.xcconfig */ = {isa = PBXFileReference; includeInIndex = 1; lastKnownFileType = text.xcconfig; name = "Pods-blog.release.xcconfig"; path = "Target Support Files/Pods-blog/Pods-blog.release.xcconfig"; sourceTree = "<group>"; };
		C40075DBCB779252AB35403F /* Pods-blogTests.release.xcconfig */ = {isa = PBXFileReference; includeInIndex = 1; lastKnownFileType = text.xcconfig; name = "Pods-blogTests.release.xcconfig"; path = "Target Support Files/Pods-blogTests/Pods-blogTests.release.xcconfig"; sourceTree = "<group>"; };
		D873003C2EFC1867381F6C2B /* Pods-blog.debug.xcconfig */ = {isa = PBXFileReference; includeInIndex = 1; lastKnownFileType = text.xcconfig; name = "Pods-blog.debug.xcconfig"; path = "Target Support Files/Pods-blog/Pods-blog.debug.xcconfig"; sourceTree = "<group>"; };
		E3574996243B7B9B00708AB9 /* blog.app */ = {isa = PBXFileReference; explicitFileType = wrapper.application; includeInIndex = 0; path = blog.app; sourceTree = BUILT_PRODUCTS_DIR; };
		E3574999243B7B9B00708AB9 /* AppDelegate.swift */ = {isa = PBXFileReference; lastKnownFileType = sourcecode.swift; path = AppDelegate.swift; sourceTree = "<group>"; };
		E357499B243B7B9B00708AB9 /* SceneDelegate.swift */ = {isa = PBXFileReference; lastKnownFileType = sourcecode.swift; path = SceneDelegate.swift; sourceTree = "<group>"; };
		E357499D243B7B9B00708AB9 /* HomeViewController.swift */ = {isa = PBXFileReference; lastKnownFileType = sourcecode.swift; path = HomeViewController.swift; sourceTree = "<group>"; };
		E35749A0243B7B9B00708AB9 /* Base */ = {isa = PBXFileReference; lastKnownFileType = file.storyboard; name = Base; path = Base.lproj/Main.storyboard; sourceTree = "<group>"; };
		E35749A3243B7B9B00708AB9 /* blog.xcdatamodel */ = {isa = PBXFileReference; lastKnownFileType = wrapper.xcdatamodel; path = blog.xcdatamodel; sourceTree = "<group>"; };
		E35749A5243B7BA600708AB9 /* Assets.xcassets */ = {isa = PBXFileReference; lastKnownFileType = folder.assetcatalog; path = Assets.xcassets; sourceTree = "<group>"; };
		E35749A8243B7BA600708AB9 /* Base */ = {isa = PBXFileReference; lastKnownFileType = file.storyboard; name = Base; path = Base.lproj/LaunchScreen.storyboard; sourceTree = "<group>"; };
		E35749AA243B7BA600708AB9 /* Info.plist */ = {isa = PBXFileReference; lastKnownFileType = text.plist.xml; path = Info.plist; sourceTree = "<group>"; };
		E35749AF243B7BA700708AB9 /* blogTests.xctest */ = {isa = PBXFileReference; explicitFileType = wrapper.cfbundle; includeInIndex = 0; path = blogTests.xctest; sourceTree = BUILT_PRODUCTS_DIR; };
		E35749B3243B7BA700708AB9 /* blogTests.swift */ = {isa = PBXFileReference; lastKnownFileType = sourcecode.swift; path = blogTests.swift; sourceTree = "<group>"; };
		E35749B5243B7BA700708AB9 /* Info.plist */ = {isa = PBXFileReference; lastKnownFileType = text.plist.xml; path = Info.plist; sourceTree = "<group>"; };
		E35749BA243B7BA700708AB9 /* blogUITests.xctest */ = {isa = PBXFileReference; explicitFileType = wrapper.cfbundle; includeInIndex = 0; path = blogUITests.xctest; sourceTree = BUILT_PRODUCTS_DIR; };
		E35749BE243B7BA700708AB9 /* blogUITests.swift */ = {isa = PBXFileReference; lastKnownFileType = sourcecode.swift; path = blogUITests.swift; sourceTree = "<group>"; };
		E35749C0243B7BA700708AB9 /* Info.plist */ = {isa = PBXFileReference; lastKnownFileType = text.plist.xml; path = Info.plist; sourceTree = "<group>"; };
		E35749CC243B7E3900708AB9 /* BlogViewController.swift */ = {isa = PBXFileReference; lastKnownFileType = sourcecode.swift; path = BlogViewController.swift; sourceTree = "<group>"; };
		E35749CE243BB7E500708AB9 /* BlogCardTableViewCell.swift */ = {isa = PBXFileReference; lastKnownFileType = sourcecode.swift; path = BlogCardTableViewCell.swift; sourceTree = "<group>"; };
		E35749D0243BB84900708AB9 /* Post.swift */ = {isa = PBXFileReference; lastKnownFileType = sourcecode.swift; path = Post.swift; sourceTree = "<group>"; };
		E35749D2243BB85F00708AB9 /* PostDataServer.swift */ = {isa = PBXFileReference; lastKnownFileType = sourcecode.swift; path = PostDataServer.swift; sourceTree = "<group>"; };
		E35749D5243BBEA600708AB9 /* Utilities.swift */ = {isa = PBXFileReference; lastKnownFileType = sourcecode.swift; path = Utilities.swift; sourceTree = "<group>"; };
		E35749D7243BC30F00708AB9 /* CardShadow.swift */ = {isa = PBXFileReference; lastKnownFileType = sourcecode.swift; path = CardShadow.swift; sourceTree = "<group>"; };
		E35749D9243C0AB000708AB9 /* SlideInTransition.swift */ = {isa = PBXFileReference; lastKnownFileType = sourcecode.swift; path = SlideInTransition.swift; sourceTree = "<group>"; };
		E35749DC243C982200708AB9 /* DataServer.swift */ = {isa = PBXFileReference; lastKnownFileType = sourcecode.swift; path = DataServer.swift; sourceTree = "<group>"; };
		E35749DE243C987E00708AB9 /* Category.swift */ = {isa = PBXFileReference; lastKnownFileType = sourcecode.swift; path = Category.swift; sourceTree = "<group>"; };
		E35749E3243C99F800708AB9 /* MenuViewController.swift */ = {isa = PBXFileReference; lastKnownFileType = sourcecode.swift; path = MenuViewController.swift; sourceTree = "<group>"; };
		E38C141A243D47A70054134E /* CategoryViewController.swift */ = {isa = PBXFileReference; lastKnownFileType = sourcecode.swift; path = CategoryViewController.swift; sourceTree = "<group>"; };
		E38C141D243D49220054134E /* CategoryTableViewCell.swift */ = {isa = PBXFileReference; lastKnownFileType = sourcecode.swift; path = CategoryTableViewCell.swift; sourceTree = "<group>"; };
		E38C1464243FB4750054134E /* LogInViewController.swift */ = {isa = PBXFileReference; lastKnownFileType = sourcecode.swift; path = LogInViewController.swift; sourceTree = "<group>"; };
		E38C1467243FC4310054134E /* SignUpViewController.swift */ = {isa = PBXFileReference; lastKnownFileType = sourcecode.swift; path = SignUpViewController.swift; sourceTree = "<group>"; };
		E38C146A243FE7330054134E /* BloggersViewController.swift */ = {isa = PBXFileReference; lastKnownFileType = sourcecode.swift; path = BloggersViewController.swift; sourceTree = "<group>"; };
		E38C146D243FE78E0054134E /* BloggersTableViewCell.swift */ = {isa = PBXFileReference; lastKnownFileType = sourcecode.swift; path = BloggersTableViewCell.swift; sourceTree = "<group>"; };
		E3A830B0244A4CCD00714A5E /* BloggersDataServer.swift */ = {isa = PBXFileReference; lastKnownFileType = sourcecode.swift; path = BloggersDataServer.swift; sourceTree = "<group>"; };
		E3A830B2244A4CEF00714A5E /* Blogger.swift */ = {isa = PBXFileReference; lastKnownFileType = sourcecode.swift; path = Blogger.swift; sourceTree = "<group>"; };
/* End PBXFileReference section */

/* Begin PBXFrameworksBuildPhase section */
		E3574993243B7B9B00708AB9 /* Frameworks */ = {
			isa = PBXFrameworksBuildPhase;
			buildActionMask = 2147483647;
			files = (
				A121F27EF4F366D41D1F117D /* Pods_blog.framework in Frameworks */,
			);
			runOnlyForDeploymentPostprocessing = 0;
		};
		E35749AC243B7BA700708AB9 /* Frameworks */ = {
			isa = PBXFrameworksBuildPhase;
			buildActionMask = 2147483647;
			files = (
				7F69ECC3D47D4934BA8EFF8F /* Pods_blogTests.framework in Frameworks */,
			);
			runOnlyForDeploymentPostprocessing = 0;
		};
		E35749B7243B7BA700708AB9 /* Frameworks */ = {
			isa = PBXFrameworksBuildPhase;
			buildActionMask = 2147483647;
			files = (
				5DBEADC3591AABAF13F32E09 /* Pods_blog_blogUITests.framework in Frameworks */,
			);
			runOnlyForDeploymentPostprocessing = 0;
		};
/* End PBXFrameworksBuildPhase section */

/* Begin PBXGroup section */
		400238148C91E8117066139A /* Pods */ = {
			isa = PBXGroup;
			children = (
				D873003C2EFC1867381F6C2B /* Pods-blog.debug.xcconfig */,
				B0B7C5C9894EC2769238B06C /* Pods-blog.release.xcconfig */,
				3B521E1F2638D63723A9B39B /* Pods-blog-blogUITests.debug.xcconfig */,
				0282D02045D58FD1F1D20293 /* Pods-blog-blogUITests.release.xcconfig */,
				AF5F5572FEBBF9EADAF31765 /* Pods-blogTests.debug.xcconfig */,
				C40075DBCB779252AB35403F /* Pods-blogTests.release.xcconfig */,
			);
			path = Pods;
			sourceTree = "<group>";
		};
		B035C5CB3F8281B60477F9A8 /* Frameworks */ = {
			isa = PBXGroup;
			children = (
				5438013AFC6EF5C1BF8C8E1F /* Pods_blog.framework */,
				806B81670D0BF2908685A24E /* Pods_blog_blogUITests.framework */,
				1EFB8F886C495751F3C9D146 /* Pods_blogTests.framework */,
			);
			name = Frameworks;
			sourceTree = "<group>";
		};
		E357498D243B7B9B00708AB9 = {
			isa = PBXGroup;
			children = (
				E3574998243B7B9B00708AB9 /* blog */,
				E35749B2243B7BA700708AB9 /* blogTests */,
				E35749BD243B7BA700708AB9 /* blogUITests */,
				E3574997243B7B9B00708AB9 /* Products */,
				400238148C91E8117066139A /* Pods */,
				B035C5CB3F8281B60477F9A8 /* Frameworks */,
			);
			sourceTree = "<group>";
		};
		E3574997243B7B9B00708AB9 /* Products */ = {
			isa = PBXGroup;
			children = (
				E3574996243B7B9B00708AB9 /* blog.app */,
				E35749AF243B7BA700708AB9 /* blogTests.xctest */,
				E35749BA243B7BA700708AB9 /* blogUITests.xctest */,
			);
			name = Products;
			sourceTree = "<group>";
		};
		E3574998243B7B9B00708AB9 /* blog */ = {
			isa = PBXGroup;
			children = (
				E38C146C243FE73C0054134E /* Bloggers */,
				E38C1469243FC4380054134E /* SignUp */,
				E38C1466243FC4140054134E /* LogIn */,
				E38C141C243D48F40054134E /* Category */,
				E35749E0243C995D00708AB9 /* menu */,
				E35749DB243C96B000708AB9 /* Home */,
				E35749D4243BB86700708AB9 /* blogs */,
				E3574999243B7B9B00708AB9 /* AppDelegate.swift */,
				E357499B243B7B9B00708AB9 /* SceneDelegate.swift */,
				E357499F243B7B9B00708AB9 /* Main.storyboard */,
				E35749A5243B7BA600708AB9 /* Assets.xcassets */,
				E35749A7243B7BA600708AB9 /* LaunchScreen.storyboard */,
				E35749AA243B7BA600708AB9 /* Info.plist */,
				E35749A2243B7B9B00708AB9 /* blog.xcdatamodeld */,
				E35749D5243BBEA600708AB9 /* Utilities.swift */,
			);
			path = blog;
			sourceTree = "<group>";
		};
		E35749B2243B7BA700708AB9 /* blogTests */ = {
			isa = PBXGroup;
			children = (
				E35749B3243B7BA700708AB9 /* blogTests.swift */,
				E35749B5243B7BA700708AB9 /* Info.plist */,
			);
			path = blogTests;
			sourceTree = "<group>";
		};
		E35749BD243B7BA700708AB9 /* blogUITests */ = {
			isa = PBXGroup;
			children = (
				E35749BE243B7BA700708AB9 /* blogUITests.swift */,
				E35749C0243B7BA700708AB9 /* Info.plist */,
			);
			path = blogUITests;
			sourceTree = "<group>";
		};
		E35749D4243BB86700708AB9 /* blogs */ = {
			isa = PBXGroup;
			children = (
				E35749CC243B7E3900708AB9 /* BlogViewController.swift */,
				E35749CE243BB7E500708AB9 /* BlogCardTableViewCell.swift */,
				E35749D2243BB85F00708AB9 /* PostDataServer.swift */,
				E35749D0243BB84900708AB9 /* Post.swift */,
				E35749D7243BC30F00708AB9 /* CardShadow.swift */,
			);
			path = blogs;
			sourceTree = "<group>";
		};
		E35749DB243C96B000708AB9 /* Home */ = {
			isa = PBXGroup;
			children = (
				E357499D243B7B9B00708AB9 /* HomeViewController.swift */,
			);
			path = Home;
			sourceTree = "<group>";
		};
		E35749E0243C995D00708AB9 /* menu */ = {
			isa = PBXGroup;
			children = (
				E35749E3243C99F800708AB9 /* MenuViewController.swift */,
				E35749D9243C0AB000708AB9 /* SlideInTransition.swift */,
			);
			path = menu;
			sourceTree = "<group>";
		};
		E38C141C243D48F40054134E /* Category */ = {
			isa = PBXGroup;
			children = (
				E38C141A243D47A70054134E /* CategoryViewController.swift */,
				E38C141D243D49220054134E /* CategoryTableViewCell.swift */,
				E35749DC243C982200708AB9 /* DataServer.swift */,
				E35749DE243C987E00708AB9 /* Category.swift */,
			);
			path = Category;
			sourceTree = "<group>";
		};
		E38C1466243FC4140054134E /* LogIn */ = {
			isa = PBXGroup;
			children = (
				E38C1464243FB4750054134E /* LogInViewController.swift */,
			);
			path = LogIn;
			sourceTree = "<group>";
		};
		E38C1469243FC4380054134E /* SignUp */ = {
			isa = PBXGroup;
			children = (
				E38C1467243FC4310054134E /* SignUpViewController.swift */,
			);
			path = SignUp;
			sourceTree = "<group>";
		};
		E38C146C243FE73C0054134E /* Bloggers */ = {
			isa = PBXGroup;
			children = (
				E38C146A243FE7330054134E /* BloggersViewController.swift */,
				E38C146D243FE78E0054134E /* BloggersTableViewCell.swift */,
				E3A830B0244A4CCD00714A5E /* BloggersDataServer.swift */,
				E3A830B2244A4CEF00714A5E /* Blogger.swift */,
			);
			path = Bloggers;
			sourceTree = "<group>";
		};
/* End PBXGroup section */

/* Begin PBXNativeTarget section */
		E3574995243B7B9B00708AB9 /* blog */ = {
			isa = PBXNativeTarget;
			buildConfigurationList = E35749C3243B7BA700708AB9 /* Build configuration list for PBXNativeTarget "blog" */;
			buildPhases = (
				F3C499F76EEEEA03888643D4 /* [CP] Check Pods Manifest.lock */,
				E3574992243B7B9B00708AB9 /* Sources */,
				E3574993243B7B9B00708AB9 /* Frameworks */,
				E3574994243B7B9B00708AB9 /* Resources */,
				CD014C524516CEB290B101D2 /* [CP] Embed Pods Frameworks */,
			);
			buildRules = (
			);
			dependencies = (
			);
			name = blog;
			productName = blog;
			productReference = E3574996243B7B9B00708AB9 /* blog.app */;
			productType = "com.apple.product-type.application";
		};
		E35749AE243B7BA700708AB9 /* blogTests */ = {
			isa = PBXNativeTarget;
			buildConfigurationList = E35749C6243B7BA700708AB9 /* Build configuration list for PBXNativeTarget "blogTests" */;
			buildPhases = (
				FF3C5433A4929A4B98F5AF8D /* [CP] Check Pods Manifest.lock */,
				E35749AB243B7BA700708AB9 /* Sources */,
				E35749AC243B7BA700708AB9 /* Frameworks */,
				E35749AD243B7BA700708AB9 /* Resources */,
			);
			buildRules = (
			);
			dependencies = (
				E35749B1243B7BA700708AB9 /* PBXTargetDependency */,
			);
			name = blogTests;
			productName = blogTests;
			productReference = E35749AF243B7BA700708AB9 /* blogTests.xctest */;
			productType = "com.apple.product-type.bundle.unit-test";
		};
		E35749B9243B7BA700708AB9 /* blogUITests */ = {
			isa = PBXNativeTarget;
			buildConfigurationList = E35749C9243B7BA700708AB9 /* Build configuration list for PBXNativeTarget "blogUITests" */;
			buildPhases = (
				E0B8D7C10B6022737A7B94C5 /* [CP] Check Pods Manifest.lock */,
				E35749B6243B7BA700708AB9 /* Sources */,
				E35749B7243B7BA700708AB9 /* Frameworks */,
				E35749B8243B7BA700708AB9 /* Resources */,
				418092136B967C20240AF591 /* [CP] Embed Pods Frameworks */,
			);
			buildRules = (
			);
			dependencies = (
				E35749BC243B7BA700708AB9 /* PBXTargetDependency */,
			);
			name = blogUITests;
			productName = blogUITests;
			productReference = E35749BA243B7BA700708AB9 /* blogUITests.xctest */;
			productType = "com.apple.product-type.bundle.ui-testing";
		};
/* End PBXNativeTarget section */

/* Begin PBXProject section */
		E357498E243B7B9B00708AB9 /* Project object */ = {
			isa = PBXProject;
			attributes = {
				LastSwiftUpdateCheck = 1130;
				LastUpgradeCheck = 1130;
				ORGANIZATIONNAME = test1;
				TargetAttributes = {
					E3574995243B7B9B00708AB9 = {
						CreatedOnToolsVersion = 11.3;
					};
					E35749AE243B7BA700708AB9 = {
						CreatedOnToolsVersion = 11.3;
						TestTargetID = E3574995243B7B9B00708AB9;
					};
					E35749B9243B7BA700708AB9 = {
						CreatedOnToolsVersion = 11.3;
						TestTargetID = E3574995243B7B9B00708AB9;
					};
				};
			};
			buildConfigurationList = E3574991243B7B9B00708AB9 /* Build configuration list for PBXProject "blog" */;
			compatibilityVersion = "Xcode 9.3";
			developmentRegion = en;
			hasScannedForEncodings = 0;
			knownRegions = (
				en,
				Base,
			);
			mainGroup = E357498D243B7B9B00708AB9;
			productRefGroup = E3574997243B7B9B00708AB9 /* Products */;
			projectDirPath = "";
			projectRoot = "";
			targets = (
				E3574995243B7B9B00708AB9 /* blog */,
				E35749AE243B7BA700708AB9 /* blogTests */,
				E35749B9243B7BA700708AB9 /* blogUITests */,
			);
		};
/* End PBXProject section */

/* Begin PBXResourcesBuildPhase section */
		E3574994243B7B9B00708AB9 /* Resources */ = {
			isa = PBXResourcesBuildPhase;
			buildActionMask = 2147483647;
			files = (
				E35749A9243B7BA600708AB9 /* LaunchScreen.storyboard in Resources */,
				E35749A6243B7BA600708AB9 /* Assets.xcassets in Resources */,
				E35749A1243B7B9B00708AB9 /* Main.storyboard in Resources */,
			);
			runOnlyForDeploymentPostprocessing = 0;
		};
		E35749AD243B7BA700708AB9 /* Resources */ = {
			isa = PBXResourcesBuildPhase;
			buildActionMask = 2147483647;
			files = (
			);
			runOnlyForDeploymentPostprocessing = 0;
		};
		E35749B8243B7BA700708AB9 /* Resources */ = {
			isa = PBXResourcesBuildPhase;
			buildActionMask = 2147483647;
			files = (
			);
			runOnlyForDeploymentPostprocessing = 0;
		};
/* End PBXResourcesBuildPhase section */

/* Begin PBXShellScriptBuildPhase section */
		418092136B967C20240AF591 /* [CP] Embed Pods Frameworks */ = {
			isa = PBXShellScriptBuildPhase;
			buildActionMask = 2147483647;
			files = (
			);
			inputFileListPaths = (
				"${PODS_ROOT}/Target Support Files/Pods-blog-blogUITests/Pods-blog-blogUITests-frameworks-${CONFIGURATION}-input-files.xcfilelist",
			);
			name = "[CP] Embed Pods Frameworks";
			outputFileListPaths = (
				"${PODS_ROOT}/Target Support Files/Pods-blog-blogUITests/Pods-blog-blogUITests-frameworks-${CONFIGURATION}-output-files.xcfilelist",
			);
			runOnlyForDeploymentPostprocessing = 0;
			shellPath = /bin/sh;
			shellScript = "\"${PODS_ROOT}/Target Support Files/Pods-blog-blogUITests/Pods-blog-blogUITests-frameworks.sh\"\n";
			showEnvVarsInLog = 0;
		};
		CD014C524516CEB290B101D2 /* [CP] Embed Pods Frameworks */ = {
			isa = PBXShellScriptBuildPhase;
			buildActionMask = 2147483647;
			files = (
			);
			inputFileListPaths = (
				"${PODS_ROOT}/Target Support Files/Pods-blog/Pods-blog-frameworks-${CONFIGURATION}-input-files.xcfilelist",
			);
			name = "[CP] Embed Pods Frameworks";
			outputFileListPaths = (
				"${PODS_ROOT}/Target Support Files/Pods-blog/Pods-blog-frameworks-${CONFIGURATION}-output-files.xcfilelist",
			);
			runOnlyForDeploymentPostprocessing = 0;
			shellPath = /bin/sh;
			shellScript = "\"${PODS_ROOT}/Target Support Files/Pods-blog/Pods-blog-frameworks.sh\"\n";
			showEnvVarsInLog = 0;
		};
		E0B8D7C10B6022737A7B94C5 /* [CP] Check Pods Manifest.lock */ = {
			isa = PBXShellScriptBuildPhase;
			buildActionMask = 2147483647;
			files = (
			);
			inputFileListPaths = (
			);
			inputPaths = (
				"${PODS_PODFILE_DIR_PATH}/Podfile.lock",
				"${PODS_ROOT}/Manifest.lock",
			);
			name = "[CP] Check Pods Manifest.lock";
			outputFileListPaths = (
			);
			outputPaths = (
				"$(DERIVED_FILE_DIR)/Pods-blog-blogUITests-checkManifestLockResult.txt",
			);
			runOnlyForDeploymentPostprocessing = 0;
			shellPath = /bin/sh;
			shellScript = "diff \"${PODS_PODFILE_DIR_PATH}/Podfile.lock\" \"${PODS_ROOT}/Manifest.lock\" > /dev/null\nif [ $? != 0 ] ; then\n    # print error to STDERR\n    echo \"error: The sandbox is not in sync with the Podfile.lock. Run 'pod install' or update your CocoaPods installation.\" >&2\n    exit 1\nfi\n# This output is used by Xcode 'outputs' to avoid re-running this script phase.\necho \"SUCCESS\" > \"${SCRIPT_OUTPUT_FILE_0}\"\n";
			showEnvVarsInLog = 0;
		};
		F3C499F76EEEEA03888643D4 /* [CP] Check Pods Manifest.lock */ = {
			isa = PBXShellScriptBuildPhase;
			buildActionMask = 2147483647;
			files = (
			);
			inputFileListPaths = (
			);
			inputPaths = (
				"${PODS_PODFILE_DIR_PATH}/Podfile.lock",
				"${PODS_ROOT}/Manifest.lock",
			);
			name = "[CP] Check Pods Manifest.lock";
			outputFileListPaths = (
			);
			outputPaths = (
				"$(DERIVED_FILE_DIR)/Pods-blog-checkManifestLockResult.txt",
			);
			runOnlyForDeploymentPostprocessing = 0;
			shellPath = /bin/sh;
			shellScript = "diff \"${PODS_PODFILE_DIR_PATH}/Podfile.lock\" \"${PODS_ROOT}/Manifest.lock\" > /dev/null\nif [ $? != 0 ] ; then\n    # print error to STDERR\n    echo \"error: The sandbox is not in sync with the Podfile.lock. Run 'pod install' or update your CocoaPods installation.\" >&2\n    exit 1\nfi\n# This output is used by Xcode 'outputs' to avoid re-running this script phase.\necho \"SUCCESS\" > \"${SCRIPT_OUTPUT_FILE_0}\"\n";
			showEnvVarsInLog = 0;
		};
		FF3C5433A4929A4B98F5AF8D /* [CP] Check Pods Manifest.lock */ = {
			isa = PBXShellScriptBuildPhase;
			buildActionMask = 2147483647;
			files = (
			);
			inputFileListPaths = (
			);
			inputPaths = (
				"${PODS_PODFILE_DIR_PATH}/Podfile.lock",
				"${PODS_ROOT}/Manifest.lock",
			);
			name = "[CP] Check Pods Manifest.lock";
			outputFileListPaths = (
			);
			outputPaths = (
				"$(DERIVED_FILE_DIR)/Pods-blogTests-checkManifestLockResult.txt",
			);
			runOnlyForDeploymentPostprocessing = 0;
			shellPath = /bin/sh;
			shellScript = "diff \"${PODS_PODFILE_DIR_PATH}/Podfile.lock\" \"${PODS_ROOT}/Manifest.lock\" > /dev/null\nif [ $? != 0 ] ; then\n    # print error to STDERR\n    echo \"error: The sandbox is not in sync with the Podfile.lock. Run 'pod install' or update your CocoaPods installation.\" >&2\n    exit 1\nfi\n# This output is used by Xcode 'outputs' to avoid re-running this script phase.\necho \"SUCCESS\" > \"${SCRIPT_OUTPUT_FILE_0}\"\n";
			showEnvVarsInLog = 0;
		};
/* End PBXShellScriptBuildPhase section */

/* Begin PBXSourcesBuildPhase section */
		E3574992243B7B9B00708AB9 /* Sources */ = {
			isa = PBXSourcesBuildPhase;
			buildActionMask = 2147483647;
			files = (
				E35749DD243C982200708AB9 /* DataServer.swift in Sources */,
				E357499E243B7B9B00708AB9 /* HomeViewController.swift in Sources */,
				E35749CF243BB7E500708AB9 /* BlogCardTableViewCell.swift in Sources */,
				E35749E4243C99F800708AB9 /* MenuViewController.swift in Sources */,
				E3A830B3244A4CEF00714A5E /* Blogger.swift in Sources */,
				E38C1465243FB4750054134E /* LogInViewController.swift in Sources */,
				E35749CD243B7E3900708AB9 /* BlogViewController.swift in Sources */,
				E38C1468243FC4310054134E /* SignUpViewController.swift in Sources */,
				E35749A4243B7B9B00708AB9 /* blog.xcdatamodeld in Sources */,
				E38C146B243FE7330054134E /* BloggersViewController.swift in Sources */,
				E357499A243B7B9B00708AB9 /* AppDelegate.swift in Sources */,
				E38C146E243FE78E0054134E /* BloggersTableViewCell.swift in Sources */,
				E38C141E243D49220054134E /* CategoryTableViewCell.swift in Sources */,
				E35749D8243BC30F00708AB9 /* CardShadow.swift in Sources */,
				E35749D1243BB84900708AB9 /* Post.swift in Sources */,
				E35749D6243BBEA600708AB9 /* Utilities.swift in Sources */,
				E38C141B243D47A70054134E /* CategoryViewController.swift in Sources */,
				E3A830B1244A4CCD00714A5E /* BloggersDataServer.swift in Sources */,
				E35749DF243C987E00708AB9 /* Category.swift in Sources */,
				E35749DA243C0AB000708AB9 /* SlideInTransition.swift in Sources */,
				E35749D3243BB85F00708AB9 /* PostDataServer.swift in Sources */,
				E357499C243B7B9B00708AB9 /* SceneDelegate.swift in Sources */,
			);
			runOnlyForDeploymentPostprocessing = 0;
		};
		E35749AB243B7BA700708AB9 /* Sources */ = {
			isa = PBXSourcesBuildPhase;
			buildActionMask = 2147483647;
			files = (
				E35749B4243B7BA700708AB9 /* blogTests.swift in Sources */,
			);
			runOnlyForDeploymentPostprocessing = 0;
		};
		E35749B6243B7BA700708AB9 /* Sources */ = {
			isa = PBXSourcesBuildPhase;
			buildActionMask = 2147483647;
			files = (
				E35749BF243B7BA700708AB9 /* blogUITests.swift in Sources */,
			);
			runOnlyForDeploymentPostprocessing = 0;
		};
/* End PBXSourcesBuildPhase section */

/* Begin PBXTargetDependency section */
		E35749B1243B7BA700708AB9 /* PBXTargetDependency */ = {
			isa = PBXTargetDependency;
			target = E3574995243B7B9B00708AB9 /* blog */;
			targetProxy = E35749B0243B7BA700708AB9 /* PBXContainerItemProxy */;
		};
		E35749BC243B7BA700708AB9 /* PBXTargetDependency */ = {
			isa = PBXTargetDependency;
			target = E3574995243B7B9B00708AB9 /* blog */;
			targetProxy = E35749BB243B7BA700708AB9 /* PBXContainerItemProxy */;
		};
/* End PBXTargetDependency section */

/* Begin PBXVariantGroup section */
		E357499F243B7B9B00708AB9 /* Main.storyboard */ = {
			isa = PBXVariantGroup;
			children = (
				E35749A0243B7B9B00708AB9 /* Base */,
			);
			name = Main.storyboard;
			sourceTree = "<group>";
		};
		E35749A7243B7BA600708AB9 /* LaunchScreen.storyboard */ = {
			isa = PBXVariantGroup;
			children = (
				E35749A8243B7BA600708AB9 /* Base */,
			);
			name = LaunchScreen.storyboard;
			sourceTree = "<group>";
		};
/* End PBXVariantGroup section */

/* Begin XCBuildConfiguration section */
		E35749C1243B7BA700708AB9 /* Debug */ = {
			isa = XCBuildConfiguration;
			buildSettings = {
				ALWAYS_SEARCH_USER_PATHS = NO;
				CLANG_ANALYZER_NONNULL = YES;
				CLANG_ANALYZER_NUMBER_OBJECT_CONVERSION = YES_AGGRESSIVE;
				CLANG_CXX_LANGUAGE_STANDARD = "gnu++14";
				CLANG_CXX_LIBRARY = "libc++";
				CLANG_ENABLE_MODULES = YES;
				CLANG_ENABLE_OBJC_ARC = YES;
				CLANG_ENABLE_OBJC_WEAK = YES;
				CLANG_WARN_BLOCK_CAPTURE_AUTORELEASING = YES;
				CLANG_WARN_BOOL_CONVERSION = YES;
				CLANG_WARN_COMMA = YES;
				CLANG_WARN_CONSTANT_CONVERSION = YES;
				CLANG_WARN_DEPRECATED_OBJC_IMPLEMENTATIONS = YES;
				CLANG_WARN_DIRECT_OBJC_ISA_USAGE = YES_ERROR;
				CLANG_WARN_DOCUMENTATION_COMMENTS = YES;
				CLANG_WARN_EMPTY_BODY = YES;
				CLANG_WARN_ENUM_CONVERSION = YES;
				CLANG_WARN_INFINITE_RECURSION = YES;
				CLANG_WARN_INT_CONVERSION = YES;
				CLANG_WARN_NON_LITERAL_NULL_CONVERSION = YES;
				CLANG_WARN_OBJC_IMPLICIT_RETAIN_SELF = YES;
				CLANG_WARN_OBJC_LITERAL_CONVERSION = YES;
				CLANG_WARN_OBJC_ROOT_CLASS = YES_ERROR;
				CLANG_WARN_RANGE_LOOP_ANALYSIS = YES;
				CLANG_WARN_STRICT_PROTOTYPES = YES;
				CLANG_WARN_SUSPICIOUS_MOVE = YES;
				CLANG_WARN_UNGUARDED_AVAILABILITY = YES_AGGRESSIVE;
				CLANG_WARN_UNREACHABLE_CODE = YES;
				CLANG_WARN__DUPLICATE_METHOD_MATCH = YES;
				COPY_PHASE_STRIP = NO;
				DEBUG_INFORMATION_FORMAT = dwarf;
				ENABLE_STRICT_OBJC_MSGSEND = YES;
				ENABLE_TESTABILITY = YES;
				GCC_C_LANGUAGE_STANDARD = gnu11;
				GCC_DYNAMIC_NO_PIC = NO;
				GCC_NO_COMMON_BLOCKS = YES;
				GCC_OPTIMIZATION_LEVEL = 0;
				GCC_PREPROCESSOR_DEFINITIONS = (
					"DEBUG=1",
					"$(inherited)",
				);
				GCC_WARN_64_TO_32_BIT_CONVERSION = YES;
				GCC_WARN_ABOUT_RETURN_TYPE = YES_ERROR;
				GCC_WARN_UNDECLARED_SELECTOR = YES;
				GCC_WARN_UNINITIALIZED_AUTOS = YES_AGGRESSIVE;
				GCC_WARN_UNUSED_FUNCTION = YES;
				GCC_WARN_UNUSED_VARIABLE = YES;
				IPHONEOS_DEPLOYMENT_TARGET = 13.2;
				MTL_ENABLE_DEBUG_INFO = INCLUDE_SOURCE;
				MTL_FAST_MATH = YES;
				ONLY_ACTIVE_ARCH = YES;
				SDKROOT = iphoneos;
				SWIFT_ACTIVE_COMPILATION_CONDITIONS = DEBUG;
				SWIFT_OPTIMIZATION_LEVEL = "-Onone";
			};
			name = Debug;
		};
		E35749C2243B7BA700708AB9 /* Release */ = {
			isa = XCBuildConfiguration;
			buildSettings = {
				ALWAYS_SEARCH_USER_PATHS = NO;
				CLANG_ANALYZER_NONNULL = YES;
				CLANG_ANALYZER_NUMBER_OBJECT_CONVERSION = YES_AGGRESSIVE;
				CLANG_CXX_LANGUAGE_STANDARD = "gnu++14";
				CLANG_CXX_LIBRARY = "libc++";
				CLANG_ENABLE_MODULES = YES;
				CLANG_ENABLE_OBJC_ARC = YES;
				CLANG_ENABLE_OBJC_WEAK = YES;
				CLANG_WARN_BLOCK_CAPTURE_AUTORELEASING = YES;
				CLANG_WARN_BOOL_CONVERSION = YES;
				CLANG_WARN_COMMA = YES;
				CLANG_WARN_CONSTANT_CONVERSION = YES;
				CLANG_WARN_DEPRECATED_OBJC_IMPLEMENTATIONS = YES;
				CLANG_WARN_DIRECT_OBJC_ISA_USAGE = YES_ERROR;
				CLANG_WARN_DOCUMENTATION_COMMENTS = YES;
				CLANG_WARN_EMPTY_BODY = YES;
				CLANG_WARN_ENUM_CONVERSION = YES;
				CLANG_WARN_INFINITE_RECURSION = YES;
				CLANG_WARN_INT_CONVERSION = YES;
				CLANG_WARN_NON_LITERAL_NULL_CONVERSION = YES;
				CLANG_WARN_OBJC_IMPLICIT_RETAIN_SELF = YES;
				CLANG_WARN_OBJC_LITERAL_CONVERSION = YES;
				CLANG_WARN_OBJC_ROOT_CLASS = YES_ERROR;
				CLANG_WARN_RANGE_LOOP_ANALYSIS = YES;
				CLANG_WARN_STRICT_PROTOTYPES = YES;
				CLANG_WARN_SUSPICIOUS_MOVE = YES;
				CLANG_WARN_UNGUARDED_AVAILABILITY = YES_AGGRESSIVE;
				CLANG_WARN_UNREACHABLE_CODE = YES;
				CLANG_WARN__DUPLICATE_METHOD_MATCH = YES;
				COPY_PHASE_STRIP = NO;
				DEBUG_INFORMATION_FORMAT = "dwarf-with-dsym";
				ENABLE_NS_ASSERTIONS = NO;
				ENABLE_STRICT_OBJC_MSGSEND = YES;
				GCC_C_LANGUAGE_STANDARD = gnu11;
				GCC_NO_COMMON_BLOCKS = YES;
				GCC_WARN_64_TO_32_BIT_CONVERSION = YES;
				GCC_WARN_ABOUT_RETURN_TYPE = YES_ERROR;
				GCC_WARN_UNDECLARED_SELECTOR = YES;
				GCC_WARN_UNINITIALIZED_AUTOS = YES_AGGRESSIVE;
				GCC_WARN_UNUSED_FUNCTION = YES;
				GCC_WARN_UNUSED_VARIABLE = YES;
				IPHONEOS_DEPLOYMENT_TARGET = 13.2;
				MTL_ENABLE_DEBUG_INFO = NO;
				MTL_FAST_MATH = YES;
				SDKROOT = iphoneos;
				SWIFT_COMPILATION_MODE = wholemodule;
				SWIFT_OPTIMIZATION_LEVEL = "-O";
				VALIDATE_PRODUCT = YES;
			};
			name = Release;
		};
		E35749C4243B7BA700708AB9 /* Debug */ = {
			isa = XCBuildConfiguration;
			baseConfigurationReference = D873003C2EFC1867381F6C2B /* Pods-blog.debug.xcconfig */;
			buildSettings = {
				ASSETCATALOG_COMPILER_APPICON_NAME = AppIcon;
				CODE_SIGN_STYLE = Automatic;
				DEVELOPMENT_TEAM = Z67NNPK97K;
				INFOPLIST_FILE = blog/Info.plist;
				LD_RUNPATH_SEARCH_PATHS = (
					"$(inherited)",
					"@executable_path/Frameworks",
				);
				PRODUCT_BUNDLE_IDENTIFIER = "Devlopment-Z.blog";
				PRODUCT_NAME = "$(TARGET_NAME)";
				SWIFT_VERSION = 5.0;
				TARGETED_DEVICE_FAMILY = "1,2";
			};
			name = Debug;
		};
		E35749C5243B7BA700708AB9 /* Release */ = {
			isa = XCBuildConfiguration;
			baseConfigurationReference = B0B7C5C9894EC2769238B06C /* Pods-blog.release.xcconfig */;
			buildSettings = {
				ASSETCATALOG_COMPILER_APPICON_NAME = AppIcon;
				CODE_SIGN_STYLE = Automatic;
				DEVELOPMENT_TEAM = Z67NNPK97K;
				INFOPLIST_FILE = blog/Info.plist;
				LD_RUNPATH_SEARCH_PATHS = (
					"$(inherited)",
					"@executable_path/Frameworks",
				);
				PRODUCT_BUNDLE_IDENTIFIER = "Devlopment-Z.blog";
				PRODUCT_NAME = "$(TARGET_NAME)";
				SWIFT_VERSION = 5.0;
				TARGETED_DEVICE_FAMILY = "1,2";
			};
			name = Release;
		};
		E35749C7243B7BA700708AB9 /* Debug */ = {
			isa = XCBuildConfiguration;
			baseConfigurationReference = AF5F5572FEBBF9EADAF31765 /* Pods-blogTests.debug.xcconfig */;
			buildSettings = {
				ALWAYS_EMBED_SWIFT_STANDARD_LIBRARIES = YES;
				BUNDLE_LOADER = "$(TEST_HOST)";
				CODE_SIGN_STYLE = Automatic;
				DEVELOPMENT_TEAM = Z67NNPK97K;
				INFOPLIST_FILE = blogTests/Info.plist;
				IPHONEOS_DEPLOYMENT_TARGET = 13.2;
				LD_RUNPATH_SEARCH_PATHS = (
					"$(inherited)",
					"@executable_path/Frameworks",
					"@loader_path/Frameworks",
				);
				PRODUCT_BUNDLE_IDENTIFIER = "Devlopment-Z.blogTests";
				PRODUCT_NAME = "$(TARGET_NAME)";
				SWIFT_VERSION = 5.0;
				TARGETED_DEVICE_FAMILY = "1,2";
				TEST_HOST = "$(BUILT_PRODUCTS_DIR)/blog.app/blog";
			};
			name = Debug;
		};
		E35749C8243B7BA700708AB9 /* Release */ = {
			isa = XCBuildConfiguration;
			baseConfigurationReference = C40075DBCB779252AB35403F /* Pods-blogTests.release.xcconfig */;
			buildSettings = {
				ALWAYS_EMBED_SWIFT_STANDARD_LIBRARIES = YES;
				BUNDLE_LOADER = "$(TEST_HOST)";
				CODE_SIGN_STYLE = Automatic;
				DEVELOPMENT_TEAM = Z67NNPK97K;
				INFOPLIST_FILE = blogTests/Info.plist;
				IPHONEOS_DEPLOYMENT_TARGET = 13.2;
				LD_RUNPATH_SEARCH_PATHS = (
					"$(inherited)",
					"@executable_path/Frameworks",
					"@loader_path/Frameworks",
				);
				PRODUCT_BUNDLE_IDENTIFIER = "Devlopment-Z.blogTests";
				PRODUCT_NAME = "$(TARGET_NAME)";
				SWIFT_VERSION = 5.0;
				TARGETED_DEVICE_FAMILY = "1,2";
				TEST_HOST = "$(BUILT_PRODUCTS_DIR)/blog.app/blog";
			};
			name = Release;
		};
		E35749CA243B7BA700708AB9 /* Debug */ = {
			isa = XCBuildConfiguration;
			baseConfigurationReference = 3B521E1F2638D63723A9B39B /* Pods-blog-blogUITests.debug.xcconfig */;
			buildSettings = {
				ALWAYS_EMBED_SWIFT_STANDARD_LIBRARIES = YES;
				CODE_SIGN_STYLE = Automatic;
				DEVELOPMENT_TEAM = Z67NNPK97K;
				INFOPLIST_FILE = blogUITests/Info.plist;
				LD_RUNPATH_SEARCH_PATHS = (
					"$(inherited)",
					"@executable_path/Frameworks",
					"@loader_path/Frameworks",
				);
				PRODUCT_BUNDLE_IDENTIFIER = "Devlopment-Z.blogUITests";
				PRODUCT_NAME = "$(TARGET_NAME)";
				SWIFT_VERSION = 5.0;
				TARGETED_DEVICE_FAMILY = "1,2";
				TEST_TARGET_NAME = blog;
			};
			name = Debug;
		};
		E35749CB243B7BA700708AB9 /* Release */ = {
			isa = XCBuildConfiguration;
			baseConfigurationReference = 0282D02045D58FD1F1D20293 /* Pods-blog-blogUITests.release.xcconfig */;
			buildSettings = {
				ALWAYS_EMBED_SWIFT_STANDARD_LIBRARIES = YES;
				CODE_SIGN_STYLE = Automatic;
				DEVELOPMENT_TEAM = Z67NNPK97K;
				INFOPLIST_FILE = blogUITests/Info.plist;
				LD_RUNPATH_SEARCH_PATHS = (
					"$(inherited)",
					"@executable_path/Frameworks",
					"@loader_path/Frameworks",
				);
				PRODUCT_BUNDLE_IDENTIFIER = "Devlopment-Z.blogUITests";
				PRODUCT_NAME = "$(TARGET_NAME)";
				SWIFT_VERSION = 5.0;
				TARGETED_DEVICE_FAMILY = "1,2";
				TEST_TARGET_NAME = blog;
			};
			name = Release;
		};
/* End XCBuildConfiguration section */

/* Begin XCConfigurationList section */
		E3574991243B7B9B00708AB9 /* Build configuration list for PBXProject "blog" */ = {
			isa = XCConfigurationList;
			buildConfigurations = (
				E35749C1243B7BA700708AB9 /* Debug */,
				E35749C2243B7BA700708AB9 /* Release */,
			);
			defaultConfigurationIsVisible = 0;
			defaultConfigurationName = Release;
		};
		E35749C3243B7BA700708AB9 /* Build configuration list for PBXNativeTarget "blog" */ = {
			isa = XCConfigurationList;
			buildConfigurations = (
				E35749C4243B7BA700708AB9 /* Debug */,
				E35749C5243B7BA700708AB9 /* Release */,
			);
			defaultConfigurationIsVisible = 0;
			defaultConfigurationName = Release;
		};
		E35749C6243B7BA700708AB9 /* Build configuration list for PBXNativeTarget "blogTests" */ = {
			isa = XCConfigurationList;
			buildConfigurations = (
				E35749C7243B7BA700708AB9 /* Debug */,
				E35749C8243B7BA700708AB9 /* Release */,
			);
			defaultConfigurationIsVisible = 0;
			defaultConfigurationName = Release;
		};
		E35749C9243B7BA700708AB9 /* Build configuration list for PBXNativeTarget "blogUITests" */ = {
			isa = XCConfigurationList;
			buildConfigurations = (
				E35749CA243B7BA700708AB9 /* Debug */,
				E35749CB243B7BA700708AB9 /* Release */,
			);
			defaultConfigurationIsVisible = 0;
			defaultConfigurationName = Release;
		};
/* End XCConfigurationList section */

/* Begin XCVersionGroup section */
		E35749A2243B7B9B00708AB9 /* blog.xcdatamodeld */ = {
			isa = XCVersionGroup;
			children = (
				E35749A3243B7B9B00708AB9 /* blog.xcdatamodel */,
			);
			currentVersion = E35749A3243B7B9B00708AB9 /* blog.xcdatamodel */;
			path = blog.xcdatamodeld;
			sourceTree = "<group>";
			versionGroupType = wrapper.xcdatamodel;
		};
/* End XCVersionGroup section */
	};
	rootObject = E357498E243B7B9B00708AB9 /* Project object */;
}
